PODS:
  - Sentry (4.3.1):
    - Sentry/Core (= 4.3.1)
  - Sentry/Core (4.3.1)
  - Starscream (3.1.0)
  - StreamrootSDK (3.11.0):
    - Sentry (= 4.3.1)
    - Starscream (= 3.1.0)
    - SwiftProtobuf (= 1.4.0)
  - SwiftProtobuf (1.4.0)

DEPENDENCIES:
  - StreamrootSDK

SPEC REPOS:
  https://github.com/cocoapods/specs.git:
    - Sentry
    - Starscream
    - StreamrootSDK
    - SwiftProtobuf

SPEC CHECKSUMS:
  Sentry: 5267d493a398663538317e4dcc438c12c66202ed
  Starscream: 08172b481e145289c4930cb567230fb55897cfa4
  StreamrootSDK: c997ccdf741103b595484a82f373b800cc55e983
  SwiftProtobuf: b06646ed6cdcfc3fecd074c6000fe0c413140e4f

PODFILE CHECKSUM: 653f9a810ae92aef4ed13bac8c0964563b9702b2

COCOAPODS: 1.6.1
